// !$*UTF8*$!
{
	archiveVersion = 1;
	classes = {
	};
	objectVersion = 46;
	objects = {

/* Begin PBXBuildFile section */
		8349257C1F7B365D00CD7192 /* playsoundsviewcontroller-audio.swift in Sources */ = {isa = PBXBuildFile; fileRef = 8349257B1F7B365D00CD7192 /* playsoundsviewcontroller-audio.swift */; };
		83ADF9201F709EDB00CD71DB /* AppDelegate.swift in Sources */ = {isa = PBXBuildFile; fileRef = 83ADF91F1F709EDB00CD71DB /* AppDelegate.swift */; };
		83ADF9221F709EDB00CD71DB /* RecordSoundsViewController.swift in Sources */ = {isa = PBXBuildFile; fileRef = 83ADF9211F709EDB00CD71DB /* RecordSoundsViewController.swift */; };
		83ADF9251F709EDB00CD71DB /* Main.storyboard in Resources */ = {isa = PBXBuildFile; fileRef = 83ADF9231F709EDB00CD71DB /* Main.storyboard */; };
		83ADF9271F709EDB00CD71DB /* Assets.xcassets in Resources */ = {isa = PBXBuildFile; fileRef = 83ADF9261F709EDB00CD71DB /* Assets.xcassets */; };
		83ADF92A1F709EDB00CD71DB /* LaunchScreen.storyboard in Resources */ = {isa = PBXBuildFile; fileRef = 83ADF9281F709EDB00CD71DB /* LaunchScreen.storyboard */; };
		83ADF9321F71FBC000CD71DB /* PlaySoundsViewController.swift in Sources */ = {isa = PBXBuildFile; fileRef = 83ADF9311F71FBC000CD71DB /* PlaySoundsViewController.swift */; };
/* End PBXBuildFile section */

/* Begin PBXFileReference section */
		8349257B1F7B365D00CD7192 /* playsoundsviewcontroller-audio.swift */ = {isa = PBXFileReference; fileEncoding = 4; lastKnownFileType = sourcecode.swift; path = "playsoundsviewcontroller-audio.swift"; sourceTree = "<group>"; };
		83ADF91C1F709EDB00CD71DB /* PitchPerfect.app */ = {isa = PBXFileReference; explicitFileType = wrapper.application; includeInIndex = 0; path = PitchPerfect.app; sourceTree = BUILT_PRODUCTS_DIR; };
		83ADF91F1F709EDB00CD71DB /* AppDelegate.swift */ = {isa = PBXFileReference; lastKnownFileType = sourcecode.swift; path = AppDelegate.swift; sourceTree = "<group>"; };
		83ADF9211F709EDB00CD71DB /* RecordSoundsViewController.swift */ = {isa = PBXFileReference; lastKnownFileType = sourcecode.swift; path = RecordSoundsViewController.swift; sourceTree = "<group>"; };
		83ADF9241F709EDB00CD71DB /* Base */ = {isa = PBXFileReference; lastKnownFileType = file.storyboard; name = Base; path = Base.lproj/Main.storyboard; sourceTree = "<group>"; };
		83ADF9261F709EDB00CD71DB /* Assets.xcassets */ = {isa = PBXFileReference; lastKnownFileType = folder.assetcatalog; path = Assets.xcassets; sourceTree = "<group>"; };
		83ADF9291F709EDB00CD71DB /* Base */ = {isa = PBXFileReference; lastKnownFileType = file.storyboard; name = Base; path = Base.lproj/LaunchScreen.storyboard; sourceTree = "<group>"; };
		83ADF92B1F709EDB00CD71DB /* Info.plist */ = {isa = PBXFileReference; lastKnownFileType = text.plist.xml; path = Info.plist; sourceTree = "<group>"; };
		83ADF9311F71FBC000CD71DB /* PlaySoundsViewController.swift */ = {isa = PBXFileReference; fileEncoding = 4; lastKnownFileType = sourcecode.swift; path = PlaySoundsViewController.swift; sourceTree = "<group>"; };
/* End PBXFileReference section */

/* Begin PBXFrameworksBuildPhase section */
		83ADF9191F709EDB00CD71DB /* Frameworks */ = {
			isa = PBXFrameworksBuildPhase;
			buildActionMask = 2147483647;
			files = (
			);
			runOnlyForDeploymentPostprocessing = 0;
		};
/* End PBXFrameworksBuildPhase section */

/* Begin PBXGroup section */
		83ADF9131F709EDB00CD71DB = {
			isa = PBXGroup;
			children = (
				83ADF91E1F709EDB00CD71DB /* PitchPerfect */,
				83ADF91D1F709EDB00CD71DB /* Products */,
			);
			sourceTree = "<group>";
		};
		83ADF91D1F709EDB00CD71DB /* Products */ = {
			isa = PBXGroup;
			children = (
				83ADF91C1F709EDB00CD71DB /* PitchPerfect.app */,
			);
			name = Products;
			sourceTree = "<group>";
		};
		83ADF91E1F709EDB00CD71DB /* PitchPerfect */ = {
			isa = PBXGroup;
			children = (
				8349257B1F7B365D00CD7192 /* playsoundsviewcontroller-audio.swift */,
				83ADF92B1F709EDB00CD71DB /* Info.plist */,
				83ADF91F1F709EDB00CD71DB /* AppDelegate.swift */,
				83ADF9311F71FBC000CD71DB /* PlaySoundsViewController.swift */,
				83ADF9211F709EDB00CD71DB /* RecordSoundsViewController.swift */,
				83ADF9261F709EDB00CD71DB /* Assets.xcassets */,
				83ADF9281F709EDB00CD71DB /* LaunchScreen.storyboard */,
				83ADF9231F709EDB00CD71DB /* Main.storyboard */,
			);
			path = PitchPerfect;
			sourceTree = "<group>";
		};
/* End PBXGroup section */

/* Begin PBXNativeTarget section */
		83ADF91B1F709EDB00CD71DB /* PitchPerfect */ = {
			isa = PBXNativeTarget;
			buildConfigurationList = 83ADF92E1F709EDB00CD71DB /* Build configuration list for PBXNativeTarget "PitchPerfect" */;
			buildPhases = (
				83ADF9181F709EDB00CD71DB /* Sources */,
				83ADF9191F709EDB00CD71DB /* Frameworks */,
				83ADF91A1F709EDB00CD71DB /* Resources */,
			);
			buildRules = (
			);
			dependencies = (
			);
			name = PitchPerfect;
			productName = PitchPerfect;
			productReference = 83ADF91C1F709EDB00CD71DB /* PitchPerfect.app */;
			productType = "com.apple.product-type.application";
		};
/* End PBXNativeTarget section */

/* Begin PBXProject section */
		83ADF9141F709EDB00CD71DB /* Project object */ = {
			isa = PBXProject;
			attributes = {
				LastSwiftUpdateCheck = 0830;
				LastUpgradeCheck = 0830;
				ORGANIZATIONNAME = ValladaresApps;
				TargetAttributes = {
					83ADF91B1F709EDB00CD71DB = {
						CreatedOnToolsVersion = 8.3.3;
						ProvisioningStyle = Automatic;
					};
				};
			};
			buildConfigurationList = 83ADF9171F709EDB00CD71DB /* Build configuration list for PBXProject "PitchPerfect" */;
			compatibilityVersion = "Xcode 3.2";
			developmentRegion = English;
			hasScannedForEncodings = 0;
			knownRegions = (
				en,
				Base,
			);
			mainGroup = 83ADF9131F709EDB00CD71DB;
			productRefGroup = 83ADF91D1F709EDB00CD71DB /* Products */;
			projectDirPath = "";
			projectRoot = "";
			targets = (
				83ADF91B1F709EDB00CD71DB /* PitchPerfect */,
			);
		};
/* End PBXProject section */

/* Begin PBXResourcesBuildPhase section */
		83ADF91A1F709EDB00CD71DB /* Resources */ = {
			isa = PBXResourcesBuildPhase;
			buildActionMask = 2147483647;
			files = (
				83ADF92A1F709EDB00CD71DB /* LaunchScreen.storyboard in Resources */,
				83ADF9271F709EDB00CD71DB /* Assets.xcassets in Resources */,
				83ADF9251F709EDB00CD71DB /* Main.storyboard in Resources */,
			);
			runOnlyForDeploymentPostprocessing = 0;
		};
/* End PBXResourcesBuildPhase section */

/* Begin PBXSourcesBuildPhase section */
		83ADF9181F709EDB00CD71DB /* Sources */ = {
			isa = PBXSourcesBuildPhase;
			buildActionMask = 2147483647;
			files = (
				83ADF9221F709EDB00CD71DB /* RecordSoundsViewController.swift in Sources */,
				83ADF9321F71FBC000CD71DB /* PlaySoundsViewController.swift in Sources */,
				83ADF9201F709EDB00CD71DB /* AppDelegate.swift in Sources */,
				8349257C1F7B365D00CD7192 /* playsoundsviewcontroller-audio.swift in Sources */,
			);
			runOnlyForDeploymentPostprocessing = 0;
		};
/* End PBXSourcesBuildPhase section */

/* Begin PBXVariantGroup section */
		83ADF9231F709EDB00CD71DB /* Main.storyboard */ = {
			isa = PBXVariantGroup;
			children = (
				83ADF9241F709EDB00CD71DB /* Base */,
			);
			name = Main.storyboard;
			sourceTree = "<group>";
		};
		83ADF9281F709EDB00CD71DB /* LaunchScreen.storyboard */ = {
			isa = PBXVariantGroup;
			children = (
				83ADF9291F709EDB00CD71DB /* Base */,
			);
			name = LaunchScreen.storyboard;
			sourceTree = "<group>";
		};
/* End PBXVariantGroup section */

/* Begin XCBuildConfiguration section */
		83ADF92C1F709EDB00CD71DB /* Debug */ = {
			isa = XCBuildConfiguration;
			buildSettings = {
				ALWAYS_SEARCH_USER_PATHS = NO;
				CLANG_ANALYZER_NONNULL = YES;
				CLANG_ANALYZER_NUMBER_OBJECT_CONVERSION = YES_AGGRESSIVE;
				CLANG_CXX_LANGUAGE_STANDARD = "gnu++0x";
				CLANG_CXX_LIBRARY = "libc++";
				CLANG_ENABLE_MODULES = YES;
				CLANG_ENABLE_OBJC_ARC = YES;
				CLANG_WARN_BOOL_CONVERSION = YES;
				CLANG_WARN_CONSTANT_CONVERSION = YES;
				CLANG_WARN_DIRECT_OBJC_ISA_USAGE = YES_ERROR;
				CLANG_WARN_DOCUMENTATION_COMMENTS = YES;
				CLANG_WARN_EMPTY_BODY = YES;
				CLANG_WARN_ENUM_CONVERSION = YES;
				CLANG_WARN_INFINITE_RECURSION = YES;
				CLANG_WARN_INT_CONVERSION = YES;
				CLANG_WARN_OBJC_ROOT_CLASS = YES_ERROR;
				CLANG_WARN_SUSPICIOUS_MOVE = YES;
				CLANG_WARN_UNREACHABLE_CODE = YES;
				CLANG_WARN__DUPLICATE_METHOD_MATCH = YES;
				"CODE_SIGN_IDENTITY[sdk=iphoneos*]" = "iPhone Developer";
				COPY_PHASE_STRIP = NO;
				DEBUG_INFORMATION_FORMAT = dwarf;
				ENABLE_STRICT_OBJC_MSGSEND = YES;
				ENABLE_TESTABILITY = YES;
				GCC_C_LANGUAGE_STANDARD = gnu99;
				GCC_DYNAMIC_NO_PIC = NO;
				GCC_NO_COMMON_BLOCKS = YES;
				GCC_OPTIMIZATION_LEVEL = 0;
				GCC_PREPROCESSOR_DEFINITIONS = (
					"DEBUG=1",
					"$(inherited)",
				);
				GCC_WARN_64_TO_32_BIT_CONVERSION = YES;
				GCC_WARN_ABOUT_RETURN_TYPE = YES_ERROR;
				GCC_WARN_UNDECLARED_SELECTOR = YES;
				GCC_WARN_UNINITIALIZED_AUTOS = YES_AGGRESSIVE;
				GCC_WARN_UNUSED_FUNCTION = YES;
				GCC_WARN_UNUSED_VARIABLE = YES;
				IPHONEOS_DEPLOYMENT_TARGET = 10.3;
				MTL_ENABLE_DEBUG_INFO = YES;
				ONLY_ACTIVE_ARCH = YES;
				SDKROOT = iphoneos;
				SWIFT_ACTIVE_COMPILATION_CONDITIONS = DEBUG;
				SWIFT_OPTIMIZATION_LEVEL = "-Onone";
			};
			name = Debug;
		};
		83ADF92D1F709EDB00CD71DB /* Release */ = {
			isa = XCBuildConfiguration;
			buildSettings = {
				ALWAYS_SEARCH_USER_PATHS = NO;
				CLANG_ANALYZER_NONNULL = YES;
				CLANG_ANALYZER_NUMBER_OBJECT_CONVERSION = YES_AGGRESSIVE;
				CLANG_CXX_LANGUAGE_STANDARD = "gnu++0x";
				CLANG_CXX_LIBRARY = "libc++";
				CLANG_ENABLE_MODULES = YES;
				CLANG_ENABLE_OBJC_ARC = YES;
				CLANG_WARN_BOOL_CONVERSION = YES;
				CLANG_WARN_CONSTANT_CONVERSION = YES;
				CLANG_WARN_DIRECT_OBJC_ISA_USAGE = YES_ERROR;
				CLANG_WARN_DOCUMENTATION_COMMENTS = YES;
				CLANG_WARN_EMPTY_BODY = YES;
				CLANG_WARN_ENUM_CONVERSION = YES;
				CLANG_WARN_INFINITE_RECURSION = YES;
				CLANG_WARN_INT_CONVERSION = YES;
				CLANG_WARN_OBJC_ROOT_CLASS = YES_ERROR;
				CLANG_WARN_SUSPICIOUS_MOVE = YES;
				CLANG_WARN_UNREACHABLE_CODE = YES;
				CLANG_WARN__DUPLICATE_METHOD_MATCH = YES;
				"CODE_SIGN_IDENTITY[sdk=iphoneos*]" = "iPhone Developer";
				COPY_PHASE_STRIP = NO;
				DEBUG_INFORMATION_FORMAT = "dwarf-with-dsym";
				ENABLE_NS_ASSERTIONS = NO;
				ENABLE_STRICT_OBJC_MSGSEND = YES;
				GCC_C_LANGUAGE_STANDARD = gnu99;
				GCC_NO_COMMON_BLOCKS = YES;
				GCC_WARN_64_TO_32_BIT_CONVERSION = YES;
				GCC_WARN_ABOUT_RETURN_TYPE = YES_ERROR;
				GCC_WARN_UNDECLARED_SELECTOR = YES;
				GCC_WARN_UNINITIALIZED_AUTOS = YES_AGGRESSIVE;
				GCC_WARN_UNUSED_FUNCTION = YES;
				GCC_WARN_UNUSED_VARIABLE = YES;
				IPHONEOS_DEPLOYMENT_TARGET = 10.3;
				MTL_ENABLE_DEBUG_INFO = NO;
				SDKROOT = iphoneos;
				SWIFT_OPTIMIZATION_LEVEL = "-Owholemodule";
				VALIDATE_PRODUCT = YES;
			};
			name = Release;
		};
		83ADF92F1F709EDB00CD71DB /* Debug */ = {
			isa = XCBuildConfiguration;
			buildSettings = {
				ASSETCATALOG_COMPILER_APPICON_NAME = AppIcon;
				INFOPLIST_FILE = PitchPerfect/Info.plist;
				LD_RUNPATH_SEARCH_PATHS = "$(inherited) @executable_path/Frameworks";
				PRODUCT_BUNDLE_IDENTIFIER = com.ChrisValladares.PitchPerfect;
				PRODUCT_NAME = "$(TARGET_NAME)";
				SWIFT_VERSION = 3.0;
			};
			name = Debug;
		};
		83ADF9301F709EDB00CD71DB /* Release */ = {
			isa = XCBuildConfiguration;
			buildSettings = {
				ASSETCATALOG_COMPILER_APPICON_NAME = AppIcon;
				INFOPLIST_FILE = PitchPerfect/Info.plist;
				LD_RUNPATH_SEARCH_PATHS = "$(inherited) @executable_path/Frameworks";
				PRODUCT_BUNDLE_IDENTIFIER = com.ChrisValladares.PitchPerfect;
				PRODUCT_NAME = "$(TARGET_NAME)";
				SWIFT_VERSION = 3.0;
			};
			name = Release;
		};
/* End XCBuildConfiguration section */

/* Begin XCConfigurationList section */
		83ADF9171F709EDB00CD71DB /* Build configuration list for PBXProject "PitchPerfect" */ = {
			isa = XCConfigurationList;
			buildConfigurations = (
				83ADF92C1F709EDB00CD71DB /* Debug */,
				83ADF92D1F709EDB00CD71DB /* Release */,
			);
			defaultConfigurationIsVisible = 0;
			defaultConfigurationName = Release;
		};
		83ADF92E1F709EDB00CD71DB /* Build configuration list for PBXNativeTarget "PitchPerfect" */ = {
			isa = XCConfigurationList;
			buildConfigurations = (
				83ADF92F1F709EDB00CD71DB /* Debug */,
				83ADF9301F709EDB00CD71DB /* Release */,
			);
			defaultConfigurationIsVisible = 0;
			defaultConfigurationName = Release;
		};
/* End XCConfigurationList section */
	};
	rootObject = 83ADF9141F709EDB00CD71DB /* Project object */;
}
